// !$*UTF8*$!
{
	archiveVersion = 1;
	classes = {
	};
	objectVersion = 50;
	objects = {

/* Begin PBXBuildFile section */
		7799374320FD07D30025C78B /* ServiceClosures.swift in Sources */ = {isa = PBXBuildFile; fileRef = 7799374220FD07D30025C78B /* ServiceClosures.swift */; };
		77D596E520FBEE8E00724934 /* Answer.swift in Sources */ = {isa = PBXBuildFile; fileRef = 77D596E420FBEE8E00724934 /* Answer.swift */; };
		77D596E720FBFCAE00724934 /* AnswerViewModel.swift in Sources */ = {isa = PBXBuildFile; fileRef = 77D596E620FBFCAE00724934 /* AnswerViewModel.swift */; };
		77DA13EC20FBDFFB003B8CFA /* AnswersTableViewCell.swift in Sources */ = {isa = PBXBuildFile; fileRef = 77DA13EB20FBDFFB003B8CFA /* AnswersTableViewCell.swift */; };
		77E139A420F7A0CD009ECAD8 /* AppDelegate.swift in Sources */ = {isa = PBXBuildFile; fileRef = 77E139A320F7A0CD009ECAD8 /* AppDelegate.swift */; };
		77E139A920F7A0CD009ECAD8 /* Main.storyboard in Resources */ = {isa = PBXBuildFile; fileRef = 77E139A720F7A0CD009ECAD8 /* Main.storyboard */; };
		77E139AB20F7A0CF009ECAD8 /* Assets.xcassets in Resources */ = {isa = PBXBuildFile; fileRef = 77E139AA20F7A0CF009ECAD8 /* Assets.xcassets */; };
		77E139AE20F7A0CF009ECAD8 /* LaunchScreen.storyboard in Resources */ = {isa = PBXBuildFile; fileRef = 77E139AC20F7A0CF009ECAD8 /* LaunchScreen.storyboard */; };
		77E139B920F7A0CF009ECAD8 /* StkOvFlow_iOSChallengeTests.swift in Sources */ = {isa = PBXBuildFile; fileRef = 77E139B820F7A0CF009ECAD8 /* StkOvFlow_iOSChallengeTests.swift */; };
		77E139C420F7CAEE009ECAD8 /* HomeTableViewVC.swift in Sources */ = {isa = PBXBuildFile; fileRef = 77E139C320F7CAEE009ECAD8 /* HomeTableViewVC.swift */; };
		77E139C620F7CD3E009ECAD8 /* HomeTableViewCell.swift in Sources */ = {isa = PBXBuildFile; fileRef = 77E139C520F7CD3E009ECAD8 /* HomeTableViewCell.swift */; };
		77E139C820F7DC1E009ECAD8 /* DetailViewController.swift in Sources */ = {isa = PBXBuildFile; fileRef = 77E139C720F7DC1E009ECAD8 /* DetailViewController.swift */; };
		77E139D120F82033009ECAD8 /* Item.swift in Sources */ = {isa = PBXBuildFile; fileRef = 77E139D020F82033009ECAD8 /* Item.swift */; };
		77E139D420F82132009ECAD8 /* QuestionViewModel.swift in Sources */ = {isa = PBXBuildFile; fileRef = 77E139D320F82132009ECAD8 /* QuestionViewModel.swift */; };
		77E139D720F8227D009ECAD8 /* Constants.swift in Sources */ = {isa = PBXBuildFile; fileRef = 77E139D620F8227D009ECAD8 /* Constants.swift */; };
		77E139D920F82336009ECAD8 /* ErrorHandling.swift in Sources */ = {isa = PBXBuildFile; fileRef = 77E139D820F82336009ECAD8 /* ErrorHandling.swift */; };
		77E139DB20F823EB009ECAD8 /* ServiceError.swift in Sources */ = {isa = PBXBuildFile; fileRef = 77E139DA20F823EB009ECAD8 /* ServiceError.swift */; };
		77E139DD20F82452009ECAD8 /* ServiceClient.swift in Sources */ = {isa = PBXBuildFile; fileRef = 77E139DC20F82452009ECAD8 /* ServiceClient.swift */; };
		77E139DF20F824B3009ECAD8 /* ServiceReachability.swift in Sources */ = {isa = PBXBuildFile; fileRef = 77E139DE20F824B3009ECAD8 /* ServiceReachability.swift */; };
		77E139E220F825E7009ECAD8 /* ImageExtension.swift in Sources */ = {isa = PBXBuildFile; fileRef = 77E139E120F825E7009ECAD8 /* ImageExtension.swift */; };
/* End PBXBuildFile section */

/* Begin PBXContainerItemProxy section */
		77E139B520F7A0CF009ECAD8 /* PBXContainerItemProxy */ = {
			isa = PBXContainerItemProxy;
			containerPortal = 77E1399820F7A0CD009ECAD8 /* Project object */;
			proxyType = 1;
			remoteGlobalIDString = 77E1399F20F7A0CD009ECAD8;
			remoteInfo = StkOvFlow_iOSChallenge;
		};
/* End PBXContainerItemProxy section */

/* Begin PBXFileReference section */
		7799374220FD07D30025C78B /* ServiceClosures.swift */ = {isa = PBXFileReference; lastKnownFileType = sourcecode.swift; path = ServiceClosures.swift; sourceTree = "<group>"; };
		77D596E420FBEE8E00724934 /* Answer.swift */ = {isa = PBXFileReference; lastKnownFileType = sourcecode.swift; path = Answer.swift; sourceTree = "<group>"; };
		77D596E620FBFCAE00724934 /* AnswerViewModel.swift */ = {isa = PBXFileReference; lastKnownFileType = sourcecode.swift; path = AnswerViewModel.swift; sourceTree = "<group>"; };
		77DA13EB20FBDFFB003B8CFA /* AnswersTableViewCell.swift */ = {isa = PBXFileReference; lastKnownFileType = sourcecode.swift; path = AnswersTableViewCell.swift; sourceTree = "<group>"; };
		77E139A020F7A0CD009ECAD8 /* StkOvFlow_iOSChallenge.app */ = {isa = PBXFileReference; explicitFileType = wrapper.application; includeInIndex = 0; path = StkOvFlow_iOSChallenge.app; sourceTree = BUILT_PRODUCTS_DIR; };
		77E139A320F7A0CD009ECAD8 /* AppDelegate.swift */ = {isa = PBXFileReference; lastKnownFileType = sourcecode.swift; path = AppDelegate.swift; sourceTree = "<group>"; };
		77E139A820F7A0CD009ECAD8 /* Base */ = {isa = PBXFileReference; lastKnownFileType = file.storyboard; name = Base; path = Base.lproj/Main.storyboard; sourceTree = "<group>"; };
		77E139AA20F7A0CF009ECAD8 /* Assets.xcassets */ = {isa = PBXFileReference; lastKnownFileType = folder.assetcatalog; path = Assets.xcassets; sourceTree = "<group>"; };
		77E139AD20F7A0CF009ECAD8 /* Base */ = {isa = PBXFileReference; lastKnownFileType = file.storyboard; name = Base; path = Base.lproj/LaunchScreen.storyboard; sourceTree = "<group>"; };
		77E139AF20F7A0CF009ECAD8 /* Info.plist */ = {isa = PBXFileReference; lastKnownFileType = text.plist.xml; path = Info.plist; sourceTree = "<group>"; };
		77E139B420F7A0CF009ECAD8 /* StkOvFlow_iOSChallengeTests.xctest */ = {isa = PBXFileReference; explicitFileType = wrapper.cfbundle; includeInIndex = 0; path = StkOvFlow_iOSChallengeTests.xctest; sourceTree = BUILT_PRODUCTS_DIR; };
		77E139B820F7A0CF009ECAD8 /* StkOvFlow_iOSChallengeTests.swift */ = {isa = PBXFileReference; lastKnownFileType = sourcecode.swift; path = StkOvFlow_iOSChallengeTests.swift; sourceTree = "<group>"; };
		77E139BA20F7A0CF009ECAD8 /* Info.plist */ = {isa = PBXFileReference; lastKnownFileType = text.plist.xml; path = Info.plist; sourceTree = "<group>"; };
		77E139C320F7CAEE009ECAD8 /* HomeTableViewVC.swift */ = {isa = PBXFileReference; lastKnownFileType = sourcecode.swift; path = HomeTableViewVC.swift; sourceTree = "<group>"; };
		77E139C520F7CD3E009ECAD8 /* HomeTableViewCell.swift */ = {isa = PBXFileReference; lastKnownFileType = sourcecode.swift; path = HomeTableViewCell.swift; sourceTree = "<group>"; };
		77E139C720F7DC1E009ECAD8 /* DetailViewController.swift */ = {isa = PBXFileReference; lastKnownFileType = sourcecode.swift; path = DetailViewController.swift; sourceTree = "<group>"; };
		77E139D020F82033009ECAD8 /* Item.swift */ = {isa = PBXFileReference; lastKnownFileType = sourcecode.swift; path = Item.swift; sourceTree = "<group>"; };
		77E139D320F82132009ECAD8 /* QuestionViewModel.swift */ = {isa = PBXFileReference; lastKnownFileType = sourcecode.swift; path = QuestionViewModel.swift; sourceTree = "<group>"; };
		77E139D620F8227D009ECAD8 /* Constants.swift */ = {isa = PBXFileReference; lastKnownFileType = sourcecode.swift; path = Constants.swift; sourceTree = "<group>"; };
		77E139D820F82336009ECAD8 /* ErrorHandling.swift */ = {isa = PBXFileReference; lastKnownFileType = sourcecode.swift; path = ErrorHandling.swift; sourceTree = "<group>"; };
		77E139DA20F823EB009ECAD8 /* ServiceError.swift */ = {isa = PBXFileReference; lastKnownFileType = sourcecode.swift; path = ServiceError.swift; sourceTree = "<group>"; };
		77E139DC20F82452009ECAD8 /* ServiceClient.swift */ = {isa = PBXFileReference; lastKnownFileType = sourcecode.swift; path = ServiceClient.swift; sourceTree = "<group>"; };
		77E139DE20F824B3009ECAD8 /* ServiceReachability.swift */ = {isa = PBXFileReference; lastKnownFileType = sourcecode.swift; path = ServiceReachability.swift; sourceTree = "<group>"; };
		77E139E120F825E7009ECAD8 /* ImageExtension.swift */ = {isa = PBXFileReference; lastKnownFileType = sourcecode.swift; path = ImageExtension.swift; sourceTree = "<group>"; };
/* End PBXFileReference section */

/* Begin PBXFrameworksBuildPhase section */
		77E1399D20F7A0CD009ECAD8 /* Frameworks */ = {
			isa = PBXFrameworksBuildPhase;
			buildActionMask = 2147483647;
			files = (
			);
			runOnlyForDeploymentPostprocessing = 0;
		};
		77E139B120F7A0CF009ECAD8 /* Frameworks */ = {
			isa = PBXFrameworksBuildPhase;
			buildActionMask = 2147483647;
			files = (
			);
			runOnlyForDeploymentPostprocessing = 0;
		};
/* End PBXFrameworksBuildPhase section */

/* Begin PBXGroup section */
		77E1399720F7A0CD009ECAD8 = {
			isa = PBXGroup;
			children = (
				77E139A220F7A0CD009ECAD8 /* StkOvFlow_iOSChallenge */,
				77E139B720F7A0CF009ECAD8 /* StkOvFlow_iOSChallengeTests */,
				77E139A120F7A0CD009ECAD8 /* Products */,
			);
			sourceTree = "<group>";
		};
		77E139A120F7A0CD009ECAD8 /* Products */ = {
			isa = PBXGroup;
			children = (
				77E139A020F7A0CD009ECAD8 /* StkOvFlow_iOSChallenge.app */,
				77E139B420F7A0CF009ECAD8 /* StkOvFlow_iOSChallengeTests.xctest */,
			);
			name = Products;
			sourceTree = "<group>";
		};
		77E139A220F7A0CD009ECAD8 /* StkOvFlow_iOSChallenge */ = {
			isa = PBXGroup;
			children = (
				77E139E320F82609009ECAD8 /* SupportingFiles */,
				77E139E020F82517009ECAD8 /* Service */,
				77E139D520F82273009ECAD8 /* Utilities */,
				77E139CD20F7E186009ECAD8 /* Model */,
				77E139CC20F7E180009ECAD8 /* View */,
				77E139D220F82128009ECAD8 /* ViewModel */,
				77E139CB20F7E17A009ECAD8 /* Controller */,
				77E139AC20F7A0CF009ECAD8 /* LaunchScreen.storyboard */,
				77E139A720F7A0CD009ECAD8 /* Main.storyboard */,
				77E139AA20F7A0CF009ECAD8 /* Assets.xcassets */,
				77E139AF20F7A0CF009ECAD8 /* Info.plist */,
			);
			path = StkOvFlow_iOSChallenge;
			sourceTree = "<group>";
		};
		77E139B720F7A0CF009ECAD8 /* StkOvFlow_iOSChallengeTests */ = {
			isa = PBXGroup;
			children = (
				77E139B820F7A0CF009ECAD8 /* StkOvFlow_iOSChallengeTests.swift */,
				77E139BA20F7A0CF009ECAD8 /* Info.plist */,
			);
			path = StkOvFlow_iOSChallengeTests;
			sourceTree = "<group>";
		};
		77E139CB20F7E17A009ECAD8 /* Controller */ = {
			isa = PBXGroup;
			children = (
				77E139C320F7CAEE009ECAD8 /* HomeTableViewVC.swift */,
				77E139C720F7DC1E009ECAD8 /* DetailViewController.swift */,
			);
			path = Controller;
			sourceTree = "<group>";
		};
		77E139CC20F7E180009ECAD8 /* View */ = {
			isa = PBXGroup;
			children = (
				77E139C520F7CD3E009ECAD8 /* HomeTableViewCell.swift */,
				77DA13EB20FBDFFB003B8CFA /* AnswersTableViewCell.swift */,
			);
			path = View;
			sourceTree = "<group>";
		};
		77E139CD20F7E186009ECAD8 /* Model */ = {
			isa = PBXGroup;
			children = (
				77E139D020F82033009ECAD8 /* Item.swift */,
				77D596E420FBEE8E00724934 /* Answer.swift */,
			);
			path = Model;
			sourceTree = "<group>";
		};
		77E139D220F82128009ECAD8 /* ViewModel */ = {
			isa = PBXGroup;
			children = (
				77E139D320F82132009ECAD8 /* QuestionViewModel.swift */,
				77D596E620FBFCAE00724934 /* AnswerViewModel.swift */,
			);
			path = ViewModel;
			sourceTree = "<group>";
		};
		77E139D520F82273009ECAD8 /* Utilities */ = {
			isa = PBXGroup;
			children = (
				77E139D620F8227D009ECAD8 /* Constants.swift */,
				77E139D820F82336009ECAD8 /* ErrorHandling.swift */,
				77E139E120F825E7009ECAD8 /* ImageExtension.swift */,
			);
			path = Utilities;
			sourceTree = "<group>";
		};
		77E139E020F82517009ECAD8 /* Service */ = {
			isa = PBXGroup;
			children = (
				77E139DA20F823EB009ECAD8 /* ServiceError.swift */,
				77E139DC20F82452009ECAD8 /* ServiceClient.swift */,
				77E139DE20F824B3009ECAD8 /* ServiceReachability.swift */,
				7799374220FD07D30025C78B /* ServiceClosures.swift */,
			);
			path = Service;
			sourceTree = "<group>";
		};
		77E139E320F82609009ECAD8 /* SupportingFiles */ = {
			isa = PBXGroup;
			children = (
				77E139A320F7A0CD009ECAD8 /* AppDelegate.swift */,
			);
			path = SupportingFiles;
			sourceTree = "<group>";
		};
/* End PBXGroup section */

/* Begin PBXNativeTarget section */
		77E1399F20F7A0CD009ECAD8 /* StkOvFlow_iOSChallenge */ = {
			isa = PBXNativeTarget;
			buildConfigurationList = 77E139BD20F7A0CF009ECAD8 /* Build configuration list for PBXNativeTarget "StkOvFlow_iOSChallenge" */;
			buildPhases = (
				77E1399C20F7A0CD009ECAD8 /* Sources */,
				77E1399D20F7A0CD009ECAD8 /* Frameworks */,
				77E1399E20F7A0CD009ECAD8 /* Resources */,
			);
			buildRules = (
			);
			dependencies = (
			);
			name = StkOvFlow_iOSChallenge;
			productName = StkOvFlow_iOSChallenge;
			productReference = 77E139A020F7A0CD009ECAD8 /* StkOvFlow_iOSChallenge.app */;
			productType = "com.apple.product-type.application";
		};
		77E139B320F7A0CF009ECAD8 /* StkOvFlow_iOSChallengeTests */ = {
			isa = PBXNativeTarget;
			buildConfigurationList = 77E139C020F7A0CF009ECAD8 /* Build configuration list for PBXNativeTarget "StkOvFlow_iOSChallengeTests" */;
			buildPhases = (
				77E139B020F7A0CF009ECAD8 /* Sources */,
				77E139B120F7A0CF009ECAD8 /* Frameworks */,
				77E139B220F7A0CF009ECAD8 /* Resources */,
			);
			buildRules = (
			);
			dependencies = (
				77E139B620F7A0CF009ECAD8 /* PBXTargetDependency */,
			);
			name = StkOvFlow_iOSChallengeTests;
			productName = StkOvFlow_iOSChallengeTests;
			productReference = 77E139B420F7A0CF009ECAD8 /* StkOvFlow_iOSChallengeTests.xctest */;
			productType = "com.apple.product-type.bundle.unit-test";
		};
/* End PBXNativeTarget section */

/* Begin PBXProject section */
		77E1399820F7A0CD009ECAD8 /* Project object */ = {
			isa = PBXProject;
			attributes = {
				LastSwiftUpdateCheck = 0940;
				LastUpgradeCheck = 0940;
				ORGANIZATIONNAME = "Gina De La Rosa";
				TargetAttributes = {
					77E1399F20F7A0CD009ECAD8 = {
						CreatedOnToolsVersion = 9.4.1;
					};
					77E139B320F7A0CF009ECAD8 = {
						CreatedOnToolsVersion = 9.4.1;
						TestTargetID = 77E1399F20F7A0CD009ECAD8;
					};
				};
			};
			buildConfigurationList = 77E1399B20F7A0CD009ECAD8 /* Build configuration list for PBXProject "StkOvFlow_iOSChallenge" */;
			compatibilityVersion = "Xcode 9.3";
			developmentRegion = en;
			hasScannedForEncodings = 0;
			knownRegions = (
				en,
				Base,
			);
			mainGroup = 77E1399720F7A0CD009ECAD8;
			productRefGroup = 77E139A120F7A0CD009ECAD8 /* Products */;
			projectDirPath = "";
			projectRoot = "";
			targets = (
				77E1399F20F7A0CD009ECAD8 /* StkOvFlow_iOSChallenge */,
				77E139B320F7A0CF009ECAD8 /* StkOvFlow_iOSChallengeTests */,
			);
		};
/* End PBXProject section */

/* Begin PBXResourcesBuildPhase section */
		77E1399E20F7A0CD009ECAD8 /* Resources */ = {
			isa = PBXResourcesBuildPhase;
			buildActionMask = 2147483647;
			files = (
				77E139AE20F7A0CF009ECAD8 /* LaunchScreen.storyboard in Resources */,
				77E139AB20F7A0CF009ECAD8 /* Assets.xcassets in Resources */,
				77E139A920F7A0CD009ECAD8 /* Main.storyboard in Resources */,
			);
			runOnlyForDeploymentPostprocessing = 0;
		};
		77E139B220F7A0CF009ECAD8 /* Resources */ = {
			isa = PBXResourcesBuildPhase;
			buildActionMask = 2147483647;
			files = (
			);
			runOnlyForDeploymentPostprocessing = 0;
		};
/* End PBXResourcesBuildPhase section */

/* Begin PBXSourcesBuildPhase section */
		77E1399C20F7A0CD009ECAD8 /* Sources */ = {
			isa = PBXSourcesBuildPhase;
			buildActionMask = 2147483647;
			files = (
				77E139DB20F823EB009ECAD8 /* ServiceError.swift in Sources */,
				7799374320FD07D30025C78B /* ServiceClosures.swift in Sources */,
				77E139D920F82336009ECAD8 /* ErrorHandling.swift in Sources */,
				77E139E220F825E7009ECAD8 /* ImageExtension.swift in Sources */,
				77D596E520FBEE8E00724934 /* Answer.swift in Sources */,
				77E139C620F7CD3E009ECAD8 /* HomeTableViewCell.swift in Sources */,
				77E139C420F7CAEE009ECAD8 /* HomeTableViewVC.swift in Sources */,
				77E139A420F7A0CD009ECAD8 /* AppDelegate.swift in Sources */,
				77E139D120F82033009ECAD8 /* Item.swift in Sources */,
				77E139D420F82132009ECAD8 /* QuestionViewModel.swift in Sources */,
				77E139DD20F82452009ECAD8 /* ServiceClient.swift in Sources */,
				77E139C820F7DC1E009ECAD8 /* DetailViewController.swift in Sources */,
				77E139DF20F824B3009ECAD8 /* ServiceReachability.swift in Sources */,
				77D596E720FBFCAE00724934 /* AnswerViewModel.swift in Sources */,
				77E139D720F8227D009ECAD8 /* Constants.swift in Sources */,
				77DA13EC20FBDFFB003B8CFA /* AnswersTableViewCell.swift in Sources */,
			);
			runOnlyForDeploymentPostprocessing = 0;
		};
		77E139B020F7A0CF009ECAD8 /* Sources */ = {
			isa = PBXSourcesBuildPhase;
			buildActionMask = 2147483647;
			files = (
				77E139B920F7A0CF009ECAD8 /* StkOvFlow_iOSChallengeTests.swift in Sources */,
			);
			runOnlyForDeploymentPostprocessing = 0;
		};
/* End PBXSourcesBuildPhase section */

/* Begin PBXTargetDependency section */
		77E139B620F7A0CF009ECAD8 /* PBXTargetDependency */ = {
			isa = PBXTargetDependency;
			target = 77E1399F20F7A0CD009ECAD8 /* StkOvFlow_iOSChallenge */;
			targetProxy = 77E139B520F7A0CF009ECAD8 /* PBXContainerItemProxy */;
		};
/* End PBXTargetDependency section */

/* Begin PBXVariantGroup section */
		77E139A720F7A0CD009ECAD8 /* Main.storyboard */ = {
			isa = PBXVariantGroup;
			children = (
				77E139A820F7A0CD009ECAD8 /* Base */,
			);
			name = Main.storyboard;
			sourceTree = "<group>";
		};
		77E139AC20F7A0CF009ECAD8 /* LaunchScreen.storyboard */ = {
			isa = PBXVariantGroup;
			children = (
				77E139AD20F7A0CF009ECAD8 /* Base */,
			);
			name = LaunchScreen.storyboard;
			sourceTree = "<group>";
		};
/* End PBXVariantGroup section */

/* Begin XCBuildConfiguration section */
		77E139BB20F7A0CF009ECAD8 /* Debug */ = {
			isa = XCBuildConfiguration;
			buildSettings = {
				ALWAYS_SEARCH_USER_PATHS = NO;
				CLANG_ANALYZER_NONNULL = YES;
				CLANG_ANALYZER_NUMBER_OBJECT_CONVERSION = YES_AGGRESSIVE;
				CLANG_CXX_LANGUAGE_STANDARD = "gnu++14";
				CLANG_CXX_LIBRARY = "libc++";
				CLANG_ENABLE_MODULES = YES;
				CLANG_ENABLE_OBJC_ARC = YES;
				CLANG_ENABLE_OBJC_WEAK = YES;
				CLANG_WARN_BLOCK_CAPTURE_AUTORELEASING = YES;
				CLANG_WARN_BOOL_CONVERSION = YES;
				CLANG_WARN_COMMA = YES;
				CLANG_WARN_CONSTANT_CONVERSION = YES;
				CLANG_WARN_DEPRECATED_OBJC_IMPLEMENTATIONS = YES;
				CLANG_WARN_DIRECT_OBJC_ISA_USAGE = YES_ERROR;
				CLANG_WARN_DOCUMENTATION_COMMENTS = YES;
				CLANG_WARN_EMPTY_BODY = YES;
				CLANG_WARN_ENUM_CONVERSION = YES;
				CLANG_WARN_INFINITE_RECURSION = YES;
				CLANG_WARN_INT_CONVERSION = YES;
				CLANG_WARN_NON_LITERAL_NULL_CONVERSION = YES;
				CLANG_WARN_OBJC_IMPLICIT_RETAIN_SELF = YES;
				CLANG_WARN_OBJC_LITERAL_CONVERSION = YES;
				CLANG_WARN_OBJC_ROOT_CLASS = YES_ERROR;
				CLANG_WARN_RANGE_LOOP_ANALYSIS = YES;
				CLANG_WARN_STRICT_PROTOTYPES = YES;
				CLANG_WARN_SUSPICIOUS_MOVE = YES;
				CLANG_WARN_UNGUARDED_AVAILABILITY = YES_AGGRESSIVE;
				CLANG_WARN_UNREACHABLE_CODE = YES;
				CLANG_WARN__DUPLICATE_METHOD_MATCH = YES;
				CODE_SIGN_IDENTITY = "iPhone Developer";
				COPY_PHASE_STRIP = NO;
				DEBUG_INFORMATION_FORMAT = dwarf;
				ENABLE_STRICT_OBJC_MSGSEND = YES;
				ENABLE_TESTABILITY = YES;
				GCC_C_LANGUAGE_STANDARD = gnu11;
				GCC_DYNAMIC_NO_PIC = NO;
				GCC_NO_COMMON_BLOCKS = YES;
				GCC_OPTIMIZATION_LEVEL = 0;
				GCC_PREPROCESSOR_DEFINITIONS = (
					"DEBUG=1",
					"$(inherited)",
				);
				GCC_WARN_64_TO_32_BIT_CONVERSION = YES;
				GCC_WARN_ABOUT_RETURN_TYPE = YES_ERROR;
				GCC_WARN_UNDECLARED_SELECTOR = YES;
				GCC_WARN_UNINITIALIZED_AUTOS = YES_AGGRESSIVE;
				GCC_WARN_UNUSED_FUNCTION = YES;
				GCC_WARN_UNUSED_VARIABLE = YES;
				IPHONEOS_DEPLOYMENT_TARGET = 11.4;
				MTL_ENABLE_DEBUG_INFO = YES;
				ONLY_ACTIVE_ARCH = YES;
				SDKROOT = iphoneos;
				SWIFT_ACTIVE_COMPILATION_CONDITIONS = DEBUG;
				SWIFT_OPTIMIZATION_LEVEL = "-Onone";
			};
			name = Debug;
		};
		77E139BC20F7A0CF009ECAD8 /* Release */ = {
			isa = XCBuildConfiguration;
			buildSettings = {
				ALWAYS_SEARCH_USER_PATHS = NO;
				CLANG_ANALYZER_NONNULL = YES;
				CLANG_ANALYZER_NUMBER_OBJECT_CONVERSION = YES_AGGRESSIVE;
				CLANG_CXX_LANGUAGE_STANDARD = "gnu++14";
				CLANG_CXX_LIBRARY = "libc++";
				CLANG_ENABLE_MODULES = YES;
				CLANG_ENABLE_OBJC_ARC = YES;
				CLANG_ENABLE_OBJC_WEAK = YES;
				CLANG_WARN_BLOCK_CAPTURE_AUTORELEASING = YES;
				CLANG_WARN_BOOL_CONVERSION = YES;
				CLANG_WARN_COMMA = YES;
				CLANG_WARN_CONSTANT_CONVERSION = YES;
				CLANG_WARN_DEPRECATED_OBJC_IMPLEMENTATIONS = YES;
				CLANG_WARN_DIRECT_OBJC_ISA_USAGE = YES_ERROR;
				CLANG_WARN_DOCUMENTATION_COMMENTS = YES;
				CLANG_WARN_EMPTY_BODY = YES;
				CLANG_WARN_ENUM_CONVERSION = YES;
				CLANG_WARN_INFINITE_RECURSION = YES;
				CLANG_WARN_INT_CONVERSION = YES;
				CLANG_WARN_NON_LITERAL_NULL_CONVERSION = YES;
				CLANG_WARN_OBJC_IMPLICIT_RETAIN_SELF = YES;
				CLANG_WARN_OBJC_LITERAL_CONVERSION = YES;
				CLANG_WARN_OBJC_ROOT_CLASS = YES_ERROR;
				CLANG_WARN_RANGE_LOOP_ANALYSIS = YES;
				CLANG_WARN_STRICT_PROTOTYPES = YES;
				CLANG_WARN_SUSPICIOUS_MOVE = YES;
				CLANG_WARN_UNGUARDED_AVAILABILITY = YES_AGGRESSIVE;
				CLANG_WARN_UNREACHABLE_CODE = YES;
				CLANG_WARN__DUPLICATE_METHOD_MATCH = YES;
				CODE_SIGN_IDENTITY = "iPhone Developer";
				COPY_PHASE_STRIP = NO;
				DEBUG_INFORMATION_FORMAT = "dwarf-with-dsym";
				ENABLE_NS_ASSERTIONS = NO;
				ENABLE_STRICT_OBJC_MSGSEND = YES;
				GCC_C_LANGUAGE_STANDARD = gnu11;
				GCC_NO_COMMON_BLOCKS = YES;
				GCC_WARN_64_TO_32_BIT_CONVERSION = YES;
				GCC_WARN_ABOUT_RETURN_TYPE = YES_ERROR;
				GCC_WARN_UNDECLARED_SELECTOR = YES;
				GCC_WARN_UNINITIALIZED_AUTOS = YES_AGGRESSIVE;
				GCC_WARN_UNUSED_FUNCTION = YES;
				GCC_WARN_UNUSED_VARIABLE = YES;
				IPHONEOS_DEPLOYMENT_TARGET = 11.4;
				MTL_ENABLE_DEBUG_INFO = NO;
				SDKROOT = iphoneos;
				SWIFT_COMPILATION_MODE = wholemodule;
				SWIFT_OPTIMIZATION_LEVEL = "-O";
				VALIDATE_PRODUCT = YES;
			};
			name = Release;
		};
		77E139BE20F7A0CF009ECAD8 /* Debug */ = {
			isa = XCBuildConfiguration;
			buildSettings = {
				ASSETCATALOG_COMPILER_APPICON_NAME = AppIcon;
				CODE_SIGN_STYLE = Automatic;
				DEVELOPMENT_TEAM = A6GUQ7XNWR;
				INFOPLIST_FILE = StkOvFlow_iOSChallenge/Info.plist;
				LD_RUNPATH_SEARCH_PATHS = (
					"$(inherited)",
					"@executable_path/Frameworks",
				);
				PRODUCT_BUNDLE_IDENTIFIER = "com.ginadlr.StkOvFlow-iOSChallenge";
				PRODUCT_NAME = "$(TARGET_NAME)";
				SWIFT_VERSION = 4.0;
				TARGETED_DEVICE_FAMILY = "1,2";
			};
			name = Debug;
		};
		77E139BF20F7A0CF009ECAD8 /* Release */ = {
			isa = XCBuildConfiguration;
			buildSettings = {
				ASSETCATALOG_COMPILER_APPICON_NAME = AppIcon;
				CODE_SIGN_STYLE = Automatic;
				DEVELOPMENT_TEAM = A6GUQ7XNWR;
				INFOPLIST_FILE = StkOvFlow_iOSChallenge/Info.plist;
				LD_RUNPATH_SEARCH_PATHS = (
					"$(inherited)",
					"@executable_path/Frameworks",
				);
				PRODUCT_BUNDLE_IDENTIFIER = "com.ginadlr.StkOvFlow-iOSChallenge";
				PRODUCT_NAME = "$(TARGET_NAME)";
				SWIFT_VERSION = 4.0;
				TARGETED_DEVICE_FAMILY = "1,2";
			};
			name = Release;
		};
		77E139C120F7A0CF009ECAD8 /* Debug */ = {
			isa = XCBuildConfiguration;
			buildSettings = {
				ALWAYS_EMBED_SWIFT_STANDARD_LIBRARIES = YES;
				BUNDLE_LOADER = "$(TEST_HOST)";
				CODE_SIGN_STYLE = Automatic;
				DEVELOPMENT_TEAM = A6GUQ7XNWR;
				INFOPLIST_FILE = StkOvFlow_iOSChallengeTests/Info.plist;
				LD_RUNPATH_SEARCH_PATHS = (
					"$(inherited)",
					"@executable_path/Frameworks",
					"@loader_path/Frameworks",
				);
				PRODUCT_BUNDLE_IDENTIFIER = "com.ginadlr.StkOvFlow-iOSChallengeTests";
				PRODUCT_NAME = "$(TARGET_NAME)";
				SWIFT_VERSION = 4.0;
				TARGETED_DEVICE_FAMILY = "1,2";
				TEST_HOST = "$(BUILT_PRODUCTS_DIR)/StkOvFlow_iOSChallenge.app/StkOvFlow_iOSChallenge";
			};
			name = Debug;
		};
		77E139C220F7A0CF009ECAD8 /* Release */ = {
			isa = XCBuildConfiguration;
			buildSettings = {
				ALWAYS_EMBED_SWIFT_STANDARD_LIBRARIES = YES;
				BUNDLE_LOADER = "$(TEST_HOST)";
				CODE_SIGN_STYLE = Automatic;
				DEVELOPMENT_TEAM = A6GUQ7XNWR;
				INFOPLIST_FILE = StkOvFlow_iOSChallengeTests/Info.plist;
				LD_RUNPATH_SEARCH_PATHS = (
					"$(inherited)",
					"@executable_path/Frameworks",
					"@loader_path/Frameworks",
				);
				PRODUCT_BUNDLE_IDENTIFIER = "com.ginadlr.StkOvFlow-iOSChallengeTests";
				PRODUCT_NAME = "$(TARGET_NAME)";
				SWIFT_VERSION = 4.0;
				TARGETED_DEVICE_FAMILY = "1,2";
				TEST_HOST = "$(BUILT_PRODUCTS_DIR)/StkOvFlow_iOSChallenge.app/StkOvFlow_iOSChallenge";
			};
			name = Release;
		};
/* End XCBuildConfiguration section */

/* Begin XCConfigurationList section */
		77E1399B20F7A0CD009ECAD8 /* Build configuration list for PBXProject "StkOvFlow_iOSChallenge" */ = {
			isa = XCConfigurationList;
			buildConfigurations = (
				77E139BB20F7A0CF009ECAD8 /* Debug */,
				77E139BC20F7A0CF009ECAD8 /* Release */,
			);
			defaultConfigurationIsVisible = 0;
			defaultConfigurationName = Release;
		};
		77E139BD20F7A0CF009ECAD8 /* Build configuration list for PBXNativeTarget "StkOvFlow_iOSChallenge" */ = {
			isa = XCConfigurationList;
			buildConfigurations = (
				77E139BE20F7A0CF009ECAD8 /* Debug */,
				77E139BF20F7A0CF009ECAD8 /* Release */,
			);
			defaultConfigurationIsVisible = 0;
			defaultConfigurationName = Release;
		};
		77E139C020F7A0CF009ECAD8 /* Build configuration list for PBXNativeTarget "StkOvFlow_iOSChallengeTests" */ = {
			isa = XCConfigurationList;
			buildConfigurations = (
				77E139C120F7A0CF009ECAD8 /* Debug */,
				77E139C220F7A0CF009ECAD8 /* Release */,
			);
			defaultConfigurationIsVisible = 0;
			defaultConfigurationName = Release;
		};
/* End XCConfigurationList section */
	};
	rootObject = 77E1399820F7A0CD009ECAD8 /* Project object */;
}
